<?xml version="1.0" encoding="UTF-8" standalone="yes" ?>
<CodeBlocks_project_file>
	<FileVersion major="1" minor="6" />
	<Project>
		<Option title="gardenOfEris_revised" />
		<Option pch_mode="2" />
		<Option compiler="gcc" />
		<Build>
			<Target title="Debug">
				<Option output="bin/Debug/gardenOfEris_revised" prefix_auto="1" extension_auto="1" />
				<Option object_output="obj/Debug/" />
				<Option type="1" />
				<Option compiler="gcc" />
				<Compiler>
					<Add option="-Og" />
					<Add option="-g" />
					<Add option="-march=skylake" />
					<Add option="-std=gnu++20" />
					<Add directory="include" />
				</Compiler>
			</Target>
			<Target title="Release">
				<Option output="bin/Release/gardenOfEris_revised" prefix_auto="1" extension_auto="1" />
				<Option object_output="obj/Release/" />
				<Option type="1" />
				<Option compiler="gcc" />
				<Option use_console_runner="0" />
				<Compiler>
					<Add option="-march=skylake" />
					<Add option="-fexpensive-optimizations" />
					<Add option="-O3" />
					<Add option="-std=c++20" />
					<Add directory="include" />
				</Compiler>
				<Linker>
					<Add option="-O3" />
					<Add option="-s" />
					<Add library="allegro" />
					<Add library="allegro_image" />
				</Linker>
			</Target>
			<Target title="Tests">
				<Option output="gardenOfEris_revised" prefix_auto="1" extension_auto="1" />
				<Option type="0" />
				<Option compiler="gcc" />
				<Compiler>
					<Add option="-D_UNIT_TEST_BUILD_" />
				</Compiler>
				<Environment>
					<Variable name="_UNIT_TEST_BUILD_" value="true" />
				</Environment>
			</Target>
		</Build>
		<Compiler>
			<Add option="-Wall" />
			<Add option="-march=skylake" />
			<Add option="-std=gnu++20" />
			<Add directory="include" />
		</Compiler>
		<Linker>
			<Add option="-O3" />
			<Add library="allegro" />
			<Add library="allegro_image" />
			<Add library="allegro_font" />
			<Add library="allegro_ttf" />
			<Add library="boost_unit_test_framework" />
		</Linker>
		<Unit filename="data/graph/icons64.png" />
		<Unit filename="data/graph/icons64.xcf" />
		<Unit filename="data/skins.json" />
		<Unit filename="include/bElem.h" />
		<Unit filename="include/bunker.h" />
		<Unit filename="include/chamber.h" />
		<Unit filename="include/chamberArea.h" />
		<Unit filename="include/collectible.h" />
		<Unit filename="include/commons.h" />
		<Unit filename="include/door.h" />
		<Unit filename="include/elemStats.h" />
		<Unit filename="include/elements.h" />
		<Unit filename="include/explosives.h" />
		<Unit filename="include/gCollect.h" />
		<Unit filename="include/goldenApple.h" />
		<Unit filename="include/inputManager.h" />
		<Unit filename="include/inventory.h" />
		<Unit filename="include/key.h" />
		<Unit filename="include/killableElements.h" />
		<Unit filename="include/levelLoader.h" />
		<Unit filename="include/mechanical.h" />
		<Unit filename="include/monster.h" />
		<Unit filename="include/movableElements.h" />
		<Unit filename="include/nonSteppable.h" />
		<Unit filename="include/objectTypes.h" />
		<Unit filename="include/patrollingDrone.h" />
		<Unit filename="include/plainGun.h" />
		<Unit filename="include/plainMissile.h" />
		<Unit filename="include/player.h" />
		<Unit filename="include/presenter.h" />
		<Unit filename="include/randomLevelGenerator.h" />
		<Unit filename="include/randomWordGen.h" />
		<Unit filename="include/rubbish.h" />
		<Unit filename="include/stillElem.h" />
		<Unit filename="include/teleport.h" />
		<Unit filename="include/usable.h" />
		<Unit filename="include/videoElementDef.h" />
		<Unit filename="include/wall.h" />
		<Unit filename="include/world.h" />
		<Unit filename="main.cpp" />
		<Unit filename="src/bElem.cpp" />
		<Unit filename="src/bunker.cpp" />
		<Unit filename="src/chamber.cpp" />
		<Unit filename="src/chamberArea.cpp" />
		<Unit filename="src/collectible.cpp" />
		<Unit filename="src/door.cpp" />
		<Unit filename="src/elemStats.cpp" />
		<Unit filename="src/explosives.cpp" />
		<Unit filename="src/gCollect.cpp" />
		<Unit filename="src/goldenApple.cpp" />
		<Unit filename="src/inputManager.cpp" />
		<Unit filename="src/inventory.cpp" />
		<Unit filename="src/key.cpp" />
		<Unit filename="src/killableElements.cpp" />
		<Unit filename="src/levelLoader.cpp" />
		<Unit filename="src/mechanical.cpp" />
		<Unit filename="src/monster.cpp" />
		<Unit filename="src/movableElements.cpp" />
		<Unit filename="src/nonSteppable.cpp" />
		<Unit filename="src/patrollingDrone.cpp" />
		<Unit filename="src/plainGun.cpp" />
		<Unit filename="src/plainMissile.cpp" />
		<Unit filename="src/player.cpp" />
		<Unit filename="src/presenter.cpp" />
		<Unit filename="src/randomLevelGenerator.cpp" />
		<Unit filename="src/randomWordGen.cpp" />
		<Unit filename="src/rubbish.cpp" />
		<Unit filename="src/stillElem.cpp" />
		<Unit filename="src/teleport.cpp" />
		<Unit filename="src/usable.cpp" />
		<Unit filename="src/videoElementDef.cpp" />
		<Unit filename="src/wall.cpp" />
		<Unit filename="src/world.cpp" />
		<Unit filename="unitTests/bElem-test.cpp" />
		<Unit filename="unitTests/chamberArea-test.cpp">
			<Option target="Tests" />
		</Unit>
		<Unit filename="unitTests/player-test.cpp" />
		<Unit filename="unitTests/teleport-test.cpp">
			<Option target="Tests" />
		</Unit>
		<Extensions />
	</Project>
</CodeBlocks_project_file>
